
Microsoft Visual Studio Solution File, Format Version 12.00
# Visual Studio Version 16
VisualStudioVersion = 16.0.31424.327
MinimumVisualStudioVersion = 10.0.40219.1
Project("{FAE04EC0-301F-11D3-BF4B-00C04F79EFBC}") = "CapaPresentacion", "AerolineApp\CapaPresentacion.csproj", "{74F9FC3F-CD96-4FEB-9F99-EA129763E2CF}"
EndProject
Project("{FAE04EC0-301F-11D3-BF4B-00C04F79EFBC}") = "CapaAccesoDatos", "Model\CapaAccesoDatos.csproj", "{72739EC5-A165-4994-84C8-C7902421866E}"
EndProject
Project("{FAE04EC0-301F-11D3-BF4B-00C04F79EFBC}") = "CapaLogicaNegocio", "CapaLogicaNegocio\CapaLogicaNegocio.csproj", "{C74BCE71-B34F-48ED-B314-355E22D9B4BA}"
EndProject
Global
	GlobalSection(SolutionConfigurationPlatforms) = preSolution
		Debug|Any CPU = Debug|Any CPU
		Release|Any CPU = Release|Any CPU
	EndGlobalSection
	GlobalSection(ProjectConfigurationPlatforms) = postSolution
		{74F9FC3F-CD96-4FEB-9F99-EA129763E2CF}.Debug|Any CPU.ActiveCfg = Debug|Any CPU
		{74F9FC3F-CD96-4FEB-9F99-EA129763E2CF}.Debug|Any CPU.Build.0 = Debug|Any CPU
		{74F9FC3F-CD96-4FEB-9F99-EA129763E2CF}.Release|Any CPU.ActiveCfg = Release|Any CPU
		{74F9FC3F-CD96-4FEB-9F99-EA129763E2CF}.Release|Any CPU.Build.0 = Release|Any CPU
		{72739EC5-A165-4994-84C8-C7902421866E}.Debug|Any CPU.ActiveCfg = Debug|Any CPU
		{72739EC5-A165-4994-84C8-C7902421866E}.Debug|Any CPU.Build.0 = Debug|Any CPU
		{72739EC5-A165-4994-84C8-C7902421866E}.Release|Any CPU.ActiveCfg = Release|Any CPU
		{72739EC5-A165-4994-84C8-C7902421866E}.Release|Any CPU.Build.0 = Release|Any CPU
		{C74BCE71-B34F-48ED-B314-355E22D9B4BA}.Debug|Any CPU.ActiveCfg = Debug|Any CPU
		{C74BCE71-B34F-48ED-B314-355E22D9B4BA}.Debug|Any CPU.Build.0 = Debug|Any CPU
		{C74BCE71-B34F-48ED-B314-355E22D9B4BA}.Release|Any CPU.ActiveCfg = Release|Any CPU
		{C74BCE71-B34F-48ED-B314-355E22D9B4BA}.Release|Any CPU.Build.0 = Release|Any CPU
	EndGlobalSection
	GlobalSection(SolutionProperties) = preSolution
		HideSolutionNode = FALSE
	EndGlobalSection
	GlobalSection(ExtensibilityGlobals) = postSolution
		SolutionGuid = {406C932A-898E-4370-806A-AFFF6566738D}
	EndGlobalSection
EndGlobal
